
Microsoft Visual Studio Solution File, Format Version 12.00
# Visual Studio Version 16
VisualStudioVersion = 16.0.30114.105
MinimumVisualStudioVersion = 10.0.40219.1
Project("{2150E333-8FDC-42A3-9474-1A3956D46DE8}") = "src", "src", "{A944E065-C2C8-4A8D-B727-5C96D63745E5}"
EndProject
Project("{FAE04EC0-301F-11D3-BF4B-00C04F79EFBC}") = "Mediator", "src\Mediator\Mediator.csproj", "{D5A254C5-9BBE-46BC-B129-34992C99B895}"
EndProject
Project("{2150E333-8FDC-42A3-9474-1A3956D46DE8}") = "test", "test", "{4697BD9E-3CDF-498B-82AD-2C56ADB9DFBE}"
EndProject
Project("{FAE04EC0-301F-11D3-BF4B-00C04F79EFBC}") = "Mediator.Tests", "test\Mediator.Tests\Mediator.Tests.csproj", "{0CB09BF5-BC10-49CB-97C2-6ED49AAAA7EB}"
EndProject
Global
	GlobalSection(SolutionConfigurationPlatforms) = preSolution
		Debug|Any CPU = Debug|Any CPU
		Release|Any CPU = Release|Any CPU
	EndGlobalSection
	GlobalSection(SolutionProperties) = preSolution
		HideSolutionNode = FALSE
	EndGlobalSection
	GlobalSection(ProjectConfigurationPlatforms) = postSolution
		{D5A254C5-9BBE-46BC-B129-34992C99B895}.Debug|Any CPU.ActiveCfg = Debug|Any CPU
		{D5A254C5-9BBE-46BC-B129-34992C99B895}.Debug|Any CPU.Build.0 = Debug|Any CPU
		{D5A254C5-9BBE-46BC-B129-34992C99B895}.Release|Any CPU.ActiveCfg = Release|Any CPU
		{D5A254C5-9BBE-46BC-B129-34992C99B895}.Release|Any CPU.Build.0 = Release|Any CPU
		{0CB09BF5-BC10-49CB-97C2-6ED49AAAA7EB}.Debug|Any CPU.ActiveCfg = Debug|Any CPU
		{0CB09BF5-BC10-49CB-97C2-6ED49AAAA7EB}.Debug|Any CPU.Build.0 = Debug|Any CPU
		{0CB09BF5-BC10-49CB-97C2-6ED49AAAA7EB}.Release|Any CPU.ActiveCfg = Release|Any CPU
		{0CB09BF5-BC10-49CB-97C2-6ED49AAAA7EB}.Release|Any CPU.Build.0 = Release|Any CPU
	EndGlobalSection
	GlobalSection(NestedProjects) = preSolution
		{D5A254C5-9BBE-46BC-B129-34992C99B895} = {A944E065-C2C8-4A8D-B727-5C96D63745E5}
		{0CB09BF5-BC10-49CB-97C2-6ED49AAAA7EB} = {4697BD9E-3CDF-498B-82AD-2C56ADB9DFBE}
	EndGlobalSection
EndGlobal
